
Microsoft Visual Studio Solution File, Format Version 12.00
# Visual Studio 15
Project("{FAE04EC0-301F-11D3-BF4B-00C04F79EFBC}") = "BackOfficeSystems.API", "BackOfficeSystems.API\BackOfficeSystems.API.csproj", "{57A8C2C5-20AC-49E9-9F13-E9C038E9F3BC}"
EndProject
Project("{FAE04EC0-301F-11D3-BF4B-00C04F79EFBC}") = "BackOfficeSystems.UnitTests", "BackOfficeSystems.UnitTests\BackOfficeSystems.UnitTests.csproj", "{72BC8F01-86DE-44A1-9BE1-105902A3D199}"
EndProject
Global
	GlobalSection(SolutionConfigurationPlatforms) = preSolution
		Debug|Any CPU = Debug|Any CPU
		Release|Any CPU = Release|Any CPU
	EndGlobalSection
	GlobalSection(ProjectConfigurationPlatforms) = postSolution
		{57A8C2C5-20AC-49E9-9F13-E9C038E9F3BC}.Debug|Any CPU.ActiveCfg = Debug|Any CPU
		{57A8C2C5-20AC-49E9-9F13-E9C038E9F3BC}.Debug|Any CPU.Build.0 = Debug|Any CPU
		{57A8C2C5-20AC-49E9-9F13-E9C038E9F3BC}.Release|Any CPU.ActiveCfg = Release|Any CPU
		{57A8C2C5-20AC-49E9-9F13-E9C038E9F3BC}.Release|Any CPU.Build.0 = Release|Any CPU
		{72BC8F01-86DE-44A1-9BE1-105902A3D199}.Debug|Any CPU.ActiveCfg = Debug|Any CPU
		{72BC8F01-86DE-44A1-9BE1-105902A3D199}.Debug|Any CPU.Build.0 = Debug|Any CPU
		{72BC8F01-86DE-44A1-9BE1-105902A3D199}.Release|Any CPU.ActiveCfg = Release|Any CPU
		{72BC8F01-86DE-44A1-9BE1-105902A3D199}.Release|Any CPU.Build.0 = Release|Any CPU
	EndGlobalSection
EndGlobal
